<?xml version="1.0" encoding="utf-8"?>
<Project ToolsVersion="4.0" xmlns="http://schemas.microsoft.com/developer/msbuild/2003">
  <ItemGroup>
    <Filter Include="ソース ファイル">
      <UniqueIdentifier>{4FC737F1-C7A5-4376-A066-2A32D752A2FF}</UniqueIdentifier>
      <Extensions>cpp;c;cc;cxx;c++;cppm;ixx;def;odl;idl;hpj;bat;asm;asmx</Extensions>
    </Filter>
    <Filter Include="ヘッダー ファイル">
      <UniqueIdentifier>{93995380-89BD-4b04-88EB-625FBE52EBFB}</UniqueIdentifier>
      <Extensions>h;hh;hpp;hxx;h++;hm;inl;inc;ipp;xsd</Extensions>
    </Filter>
    <Filter Include="リソース ファイル">
      <UniqueIdentifier>{67DA6AB6-F800-4c08-8B7A-83BB121AAD01}</UniqueIdentifier>
      <Extensions>rc;ico;cur;bmp;dlg;rc2;rct;bin;rgs;gif;jpg;jpeg;jpe;resx;tiff;tif;png;wav;mfcribbon-ms</Extensions>
    </Filter>
    <Filter Include="lib">
      <UniqueIdentifier>{5facb6c3-198b-4823-b279-1c587d705bc9}</UniqueIdentifier>
    </Filter>
    <Filter Include="third_party">
      <UniqueIdentifier>{93fd2bda-1a7d-4e66-a2ff-1c253ec235f2}</UniqueIdentifier>
    </Filter>
    <Filter Include="shaders">
      <UniqueIdentifier>{b0daae04-05f1-4174-ada2-e377ff64c652}</UniqueIdentifier>
    </Filter>
  </ItemGroup>
  <ItemGroup>
    <ClInclude Include="third_party\glad\glad.h">
      <Filter>third_party</Filter>
    </ClInclude>
    <ClInclude Include="third_party\GLFW\glfw3.h">
      <Filter>third_party</Filter>
    </ClInclude>
    <ClInclude Include="third_party\GLFW\glfw3native.h">
      <Filter>third_party</Filter>
    </ClInclude>
    <ClInclude Include="third_party\KHR\khrplatform.h">
      <Filter>third_party</Filter>
    </ClInclude>
    <ClInclude Include="third_party\stb\stb_image.h">
      <Filter>third_party</Filter>
    </ClInclude>
    <ClInclude Include="include\Core\Application.h">
      <Filter>ヘッダー ファイル</Filter>
    </ClInclude>
    <ClInclude Include="include\Render\Shader.h">
      <Filter>ヘッダー ファイル</Filter>
    </ClInclude>
    <ClInclude Include="include\World\Chunk.h">
      <Filter>ヘッダー ファイル</Filter>
    </ClInclude>
    <ClInclude Include="include\World\World.h">
      <Filter>ヘッダー ファイル</Filter>
    </ClInclude>
    <ClInclude Include="include\World\BlockData.h">
      <Filter>ヘッダー ファイル</Filter>
    </ClInclude>
    <ClInclude Include="include\Render\MeshBuilder.h">
      <Filter>ヘッダー ファイル</Filter>
    </ClInclude>
    <ClInclude Include="include\Render\ChunkMesh.h">
      <Filter>ヘッダー ファイル</Filter>
    </ClInclude>
    <ClInclude Include="include\Render\MeshData.h">
      <Filter>ヘッダー ファイル</Filter>
    </ClInclude>
    <ClInclude Include="include\Render\BlockFace.h">
      <Filter>ヘッダー ファイル</Filter>
    </ClInclude>
    <ClInclude Include="include\Math\Vec2.h">
      <Filter>ヘッダー ファイル</Filter>
    </ClInclude>
    <ClInclude Include="include\Math\Vec3.h">
      <Filter>ヘッダー ファイル</Filter>
    </ClInclude>
    <ClInclude Include="include\Math\UV.h">
      <Filter>ヘッダー ファイル</Filter>
    </ClInclude>
    <ClInclude Include="include\Render\WorldRenderer.h">
      <Filter>ヘッダー ファイル</Filter>
    </ClInclude>
    <ClInclude Include="include\World\TerrainGenerator.h">
      <Filter>ヘッダー ファイル</Filter>
    </ClInclude>
    <ClInclude Include="third_party\glm\common.hpp">
      <Filter>third_party</Filter>
    </ClInclude>
    <ClInclude Include="third_party\glm\exponential.hpp">
      <Filter>third_party</Filter>
    </ClInclude>
    <ClInclude Include="third_party\glm\ext.hpp">
      <Filter>third_party</Filter>
    </ClInclude>
    <ClInclude Include="third_party\glm\fwd.hpp">
      <Filter>third_party</Filter>
    </ClInclude>
    <ClInclude Include="third_party\glm\geometric.hpp">
      <Filter>third_party</Filter>
    </ClInclude>
    <ClInclude Include="third_party\glm\glm.hpp">
      <Filter>third_party</Filter>
    </ClInclude>
    <ClInclude Include="third_party\glm\integer.hpp">
      <Filter>third_party</Filter>
    </ClInclude>
    <ClInclude Include="third_party\glm\mat2x2.hpp">
      <Filter>third_party</Filter>
    </ClInclude>
    <ClInclude Include="third_party\glm\mat2x3.hpp">
      <Filter>third_party</Filter>
    </ClInclude>
    <ClInclude Include="third_party\glm\mat2x4.hpp">
      <Filter>third_party</Filter>
    </ClInclude>
    <ClInclude Include="third_party\glm\mat3x2.hpp">
      <Filter>third_party</Filter>
    </ClInclude>
    <ClInclude Include="third_party\glm\mat3x3.hpp">
      <Filter>third_party</Filter>
    </ClInclude>
    <ClInclude Include="third_party\glm\mat3x4.hpp">
      <Filter>third_party</Filter>
    </ClInclude>
    <ClInclude Include="third_party\glm\mat4x2.hpp">
      <Filter>third_party</Filter>
    </ClInclude>
    <ClInclude Include="third_party\glm\mat4x3.hpp">
      <Filter>third_party</Filter>
    </ClInclude>
    <ClInclude Include="third_party\glm\mat4x4.hpp">
      <Filter>third_party</Filter>
    </ClInclude>
    <ClInclude Include="third_party\glm\matrix.hpp">
      <Filter>third_party</Filter>
    </ClInclude>
    <ClInclude Include="third_party\glm\packing.hpp">
      <Filter>third_party</Filter>
    </ClInclude>
    <ClInclude Include="third_party\glm\trigonometric.hpp">
      <Filter>third_party</Filter>
    </ClInclude>
    <ClInclude Include="third_party\glm\vec2.hpp">
      <Filter>third_party</Filter>
    </ClInclude>
    <ClInclude Include="third_party\glm\vec3.hpp">
      <Filter>third_party</Filter>
    </ClInclude>
    <ClInclude Include="third_party\glm\vec4.hpp">
      <Filter>third_party</Filter>
    </ClInclude>
    <ClInclude Include="third_party\glm\vector_relational.hpp">
      <Filter>third_party</Filter>
    </ClInclude>
    <ClInclude Include="third_party\glm\detail\_fixes.hpp">
      <Filter>third_party</Filter>
    </ClInclude>
    <ClInclude Include="third_party\glm\detail\_noise.hpp">
      <Filter>third_party</Filter>
    </ClInclude>
    <ClInclude Include="third_party\glm\detail\_swizzle.hpp">
      <Filter>third_party</Filter>
    </ClInclude>
    <ClInclude Include="third_party\glm\detail\_swizzle_func.hpp">
      <Filter>third_party</Filter>
    </ClInclude>
    <ClInclude Include="third_party\glm\detail\_vectorize.hpp">
      <Filter>third_party</Filter>
    </ClInclude>
    <ClInclude Include="third_party\glm\detail\compute_common.hpp">
      <Filter>third_party</Filter>
    </ClInclude>
    <ClInclude Include="third_party\glm\detail\compute_vector_decl.hpp">
      <Filter>third_party</Filter>
    </ClInclude>
    <ClInclude Include="third_party\glm\detail\compute_vector_relational.hpp">
      <Filter>third_party</Filter>
    </ClInclude>
    <ClInclude Include="third_party\glm\detail\qualifier.hpp">
      <Filter>third_party</Filter>
    </ClInclude>
    <ClInclude Include="third_party\glm\detail\setup.hpp">
      <Filter>third_party</Filter>
    </ClInclude>
    <ClInclude Include="third_party\glm\detail\type_float.hpp">
      <Filter>third_party</Filter>
    </ClInclude>
    <ClInclude Include="third_party\glm\detail\type_half.hpp">
      <Filter>third_party</Filter>
    </ClInclude>
    <ClInclude Include="third_party\glm\detail\type_mat2x2.hpp">
      <Filter>third_party</Filter>
    </ClInclude>
    <ClInclude Include="third_party\glm\detail\type_mat2x3.hpp">
      <Filter>third_party</Filter>
    </ClInclude>
    <ClInclude Include="third_party\glm\detail\type_mat2x4.hpp">
      <Filter>third_party</Filter>
    </ClInclude>
    <ClInclude Include="third_party\glm\detail\type_mat3x2.hpp">
      <Filter>third_party</Filter>
    </ClInclude>
    <ClInclude Include="third_party\glm\detail\type_mat3x3.hpp">
      <Filter>third_party</Filter>
    </ClInclude>
    <ClInclude Include="third_party\glm\detail\type_mat3x4.hpp">
      <Filter>third_party</Filter>
    </ClInclude>
    <ClInclude Include="third_party\glm\detail\type_mat4x2.hpp">
      <Filter>third_party</Filter>
    </ClInclude>
    <ClInclude Include="third_party\glm\detail\type_mat4x3.hpp">
      <Filter>third_party</Filter>
    </ClInclude>
    <ClInclude Include="third_party\glm\detail\type_mat4x4.hpp">
      <Filter>third_party</Filter>
    </ClInclude>
    <ClInclude Include="third_party\glm\detail\type_quat.hpp">
      <Filter>third_party</Filter>
    </ClInclude>
    <ClInclude Include="third_party\glm\detail\type_vec1.hpp">
      <Filter>third_party</Filter>
    </ClInclude>
    <ClInclude Include="third_party\glm\detail\type_vec2.hpp">
      <Filter>third_party</Filter>
    </ClInclude>
    <ClInclude Include="third_party\glm\detail\type_vec3.hpp">
      <Filter>third_party</Filter>
    </ClInclude>
    <ClInclude Include="third_party\glm\detail\type_vec4.hpp">
      <Filter>third_party</Filter>
    </ClInclude>
    <ClInclude Include="third_party\glm\ext\_matrix_vectorize.hpp">
      <Filter>third_party</Filter>
    </ClInclude>
    <ClInclude Include="third_party\glm\ext\matrix_clip_space.hpp">
      <Filter>third_party</Filter>
    </ClInclude>
    <ClInclude Include="third_party\glm\ext\matrix_common.hpp">
      <Filter>third_party</Filter>
    </ClInclude>
    <ClInclude Include="third_party\glm\ext\matrix_double2x2.hpp">
      <Filter>third_party</Filter>
    </ClInclude>
    <ClInclude Include="third_party\glm\ext\matrix_double2x2_precision.hpp">
      <Filter>third_party</Filter>
    </ClInclude>
    <ClInclude Include="third_party\glm\ext\matrix_double2x3.hpp">
      <Filter>third_party</Filter>
    </ClInclude>
    <ClInclude Include="third_party\glm\ext\matrix_double2x3_precision.hpp">
      <Filter>third_party</Filter>
    </ClInclude>
    <ClInclude Include="third_party\glm\ext\matrix_double2x4.hpp">
      <Filter>third_party</Filter>
    </ClInclude>
    <ClInclude Include="third_party\glm\ext\matrix_double2x4_precision.hpp">
      <Filter>third_party</Filter>
    </ClInclude>
    <ClInclude Include="third_party\glm\ext\matrix_double3x2.hpp">
      <Filter>third_party</Filter>
    </ClInclude>
    <ClInclude Include="third_party\glm\ext\matrix_double3x2_precision.hpp">
      <Filter>third_party</Filter>
    </ClInclude>
    <ClInclude Include="third_party\glm\ext\matrix_double3x3.hpp">
      <Filter>third_party</Filter>
    </ClInclude>
    <ClInclude Include="third_party\glm\ext\matrix_double3x3_precision.hpp">
      <Filter>third_party</Filter>
    </ClInclude>
    <ClInclude Include="third_party\glm\ext\matrix_double3x4.hpp">
      <Filter>third_party</Filter>
    </ClInclude>
    <ClInclude Include="third_party\glm\ext\matrix_double3x4_precision.hpp">
      <Filter>third_party</Filter>
    </ClInclude>
    <ClInclude Include="third_party\glm\ext\matrix_double4x2.hpp">
      <Filter>third_party</Filter>
    </ClInclude>
    <ClInclude Include="third_party\glm\ext\matrix_double4x2_precision.hpp">
      <Filter>third_party</Filter>
    </ClInclude>
    <ClInclude Include="third_party\glm\ext\matrix_double4x3.hpp">
      <Filter>third_party</Filter>
    </ClInclude>
    <ClInclude Include="third_party\glm\ext\matrix_double4x3_precision.hpp">
      <Filter>third_party</Filter>
    </ClInclude>
    <ClInclude Include="third_party\glm\ext\matrix_double4x4.hpp">
      <Filter>third_party</Filter>
    </ClInclude>
    <ClInclude Include="third_party\glm\ext\matrix_double4x4_precision.hpp">
      <Filter>third_party</Filter>
    </ClInclude>
    <ClInclude Include="third_party\glm\ext\matrix_float2x2.hpp">
      <Filter>third_party</Filter>
    </ClInclude>
    <ClInclude Include="third_party\glm\ext\matrix_float2x2_precision.hpp">
      <Filter>third_party</Filter>
    </ClInclude>
    <ClInclude Include="third_party\glm\ext\matrix_float2x3.hpp">
      <Filter>third_party</Filter>
    </ClInclude>
    <ClInclude Include="third_party\glm\ext\matrix_float2x3_precision.hpp">
      <Filter>third_party</Filter>
    </ClInclude>
    <ClInclude Include="third_party\glm\ext\matrix_float2x4.hpp">
      <Filter>third_party</Filter>
    </ClInclude>
    <ClInclude Include="third_party\glm\ext\matrix_float2x4_precision.hpp">
      <Filter>third_party</Filter>
    </ClInclude>
    <ClInclude Include="third_party\glm\ext\matrix_float3x2.hpp">
      <Filter>third_party</Filter>
    </ClInclude>
    <ClInclude Include="third_party\glm\ext\matrix_float3x2_precision.hpp">
      <Filter>third_party</Filter>
    </ClInclude>
    <ClInclude Include="third_party\glm\ext\matrix_float3x3.hpp">
      <Filter>third_party</Filter>
    </ClInclude>
    <ClInclude Include="third_party\glm\ext\matrix_float3x3_precision.hpp">
      <Filter>third_party</Filter>
    </ClInclude>
    <ClInclude Include="third_party\glm\ext\matrix_float3x4.hpp">
      <Filter>third_party</Filter>
    </ClInclude>
    <ClInclude Include="third_party\glm\ext\matrix_float3x4_precision.hpp">
      <Filter>third_party</Filter>
    </ClInclude>
    <ClInclude Include="third_party\glm\ext\matrix_float4x2.hpp">
      <Filter>third_party</Filter>
    </ClInclude>
    <ClInclude Include="third_party\glm\ext\matrix_float4x2_precision.hpp">
      <Filter>third_party</Filter>
    </ClInclude>
    <ClInclude Include="third_party\glm\ext\matrix_float4x3.hpp">
      <Filter>third_party</Filter>
    </ClInclude>
    <ClInclude Include="third_party\glm\ext\matrix_float4x3_precision.hpp">
      <Filter>third_party</Filter>
    </ClInclude>
    <ClInclude Include="third_party\glm\ext\matrix_float4x4.hpp">
      <Filter>third_party</Filter>
    </ClInclude>
    <ClInclude Include="third_party\glm\ext\matrix_float4x4_precision.hpp">
      <Filter>third_party</Filter>
    </ClInclude>
    <ClInclude Include="third_party\glm\ext\matrix_int2x2.hpp">
      <Filter>third_party</Filter>
    </ClInclude>
    <ClInclude Include="third_party\glm\ext\matrix_int2x2_sized.hpp">
      <Filter>third_party</Filter>
    </ClInclude>
    <ClInclude Include="third_party\glm\ext\matrix_int2x3.hpp">
      <Filter>third_party</Filter>
    </ClInclude>
    <ClInclude Include="third_party\glm\ext\matrix_int2x3_sized.hpp">
      <Filter>third_party</Filter>
    </ClInclude>
    <ClInclude Include="third_party\glm\ext\matrix_int2x4.hpp">
      <Filter>third_party</Filter>
    </ClInclude>
    <ClInclude Include="third_party\glm\ext\matrix_int2x4_sized.hpp">
      <Filter>third_party</Filter>
    </ClInclude>
    <ClInclude Include="third_party\glm\ext\matrix_int3x2.hpp">
      <Filter>third_party</Filter>
    </ClInclude>
    <ClInclude Include="third_party\glm\ext\matrix_int3x2_sized.hpp">
      <Filter>third_party</Filter>
    </ClInclude>
    <ClInclude Include="third_party\glm\ext\matrix_int3x3.hpp">
      <Filter>third_party</Filter>
    </ClInclude>
    <ClInclude Include="third_party\glm\ext\matrix_int3x3_sized.hpp">
      <Filter>third_party</Filter>
    </ClInclude>
    <ClInclude Include="third_party\glm\ext\matrix_int3x4.hpp">
      <Filter>third_party</Filter>
    </ClInclude>
    <ClInclude Include="third_party\glm\ext\matrix_int3x4_sized.hpp">
      <Filter>third_party</Filter>
    </ClInclude>
    <ClInclude Include="third_party\glm\ext\matrix_int4x2.hpp">
      <Filter>third_party</Filter>
    </ClInclude>
    <ClInclude Include="third_party\glm\ext\matrix_int4x2_sized.hpp">
      <Filter>third_party</Filter>
    </ClInclude>
    <ClInclude Include="third_party\glm\ext\matrix_int4x3.hpp">
      <Filter>third_party</Filter>
    </ClInclude>
    <ClInclude Include="third_party\glm\ext\matrix_int4x3_sized.hpp">
      <Filter>third_party</Filter>
    </ClInclude>
    <ClInclude Include="third_party\glm\ext\matrix_int4x4.hpp">
      <Filter>third_party</Filter>
    </ClInclude>
    <ClInclude Include="third_party\glm\ext\matrix_int4x4_sized.hpp">
      <Filter>third_party</Filter>
    </ClInclude>
    <ClInclude Include="third_party\glm\ext\matrix_integer.hpp">
      <Filter>third_party</Filter>
    </ClInclude>
    <ClInclude Include="third_party\glm\ext\matrix_projection.hpp">
      <Filter>third_party</Filter>
    </ClInclude>
    <ClInclude Include="third_party\glm\ext\matrix_relational.hpp">
      <Filter>third_party</Filter>
    </ClInclude>
    <ClInclude Include="third_party\glm\ext\matrix_transform.hpp">
      <Filter>third_party</Filter>
    </ClInclude>
    <ClInclude Include="third_party\glm\ext\matrix_uint2x2.hpp">
      <Filter>third_party</Filter>
    </ClInclude>
    <ClInclude Include="third_party\glm\ext\matrix_uint2x2_sized.hpp">
      <Filter>third_party</Filter>
    </ClInclude>
    <ClInclude Include="third_party\glm\ext\matrix_uint2x3.hpp">
      <Filter>third_party</Filter>
    </ClInclude>
    <ClInclude Include="third_party\glm\ext\matrix_uint2x3_sized.hpp">
      <Filter>third_party</Filter>
    </ClInclude>
    <ClInclude Include="third_party\glm\ext\matrix_uint2x4.hpp">
      <Filter>third_party</Filter>
    </ClInclude>
    <ClInclude Include="third_party\glm\ext\matrix_uint2x4_sized.hpp">
      <Filter>third_party</Filter>
    </ClInclude>
    <ClInclude Include="third_party\glm\ext\matrix_uint3x2.hpp">
      <Filter>third_party</Filter>
    </ClInclude>
    <ClInclude Include="third_party\glm\ext\matrix_uint3x2_sized.hpp">
      <Filter>third_party</Filter>
    </ClInclude>
    <ClInclude Include="third_party\glm\ext\matrix_uint3x3.hpp">
      <Filter>third_party</Filter>
    </ClInclude>
    <ClInclude Include="third_party\glm\ext\matrix_uint3x3_sized.hpp">
      <Filter>third_party</Filter>
    </ClInclude>
    <ClInclude Include="third_party\glm\ext\matrix_uint3x4.hpp">
      <Filter>third_party</Filter>
    </ClInclude>
    <ClInclude Include="third_party\glm\ext\matrix_uint3x4_sized.hpp">
      <Filter>third_party</Filter>
    </ClInclude>
    <ClInclude Include="third_party\glm\ext\matrix_uint4x2.hpp">
      <Filter>third_party</Filter>
    </ClInclude>
    <ClInclude Include="third_party\glm\ext\matrix_uint4x2_sized.hpp">
      <Filter>third_party</Filter>
    </ClInclude>
    <ClInclude Include="third_party\glm\ext\matrix_uint4x3.hpp">
      <Filter>third_party</Filter>
    </ClInclude>
    <ClInclude Include="third_party\glm\ext\matrix_uint4x3_sized.hpp">
      <Filter>third_party</Filter>
    </ClInclude>
    <ClInclude Include="third_party\glm\ext\matrix_uint4x4.hpp">
      <Filter>third_party</Filter>
    </ClInclude>
    <ClInclude Include="third_party\glm\ext\matrix_uint4x4_sized.hpp">
      <Filter>third_party</Filter>
    </ClInclude>
    <ClInclude Include="third_party\glm\ext\quaternion_common.hpp">
      <Filter>third_party</Filter>
    </ClInclude>
    <ClInclude Include="third_party\glm\ext\quaternion_double.hpp">
      <Filter>third_party</Filter>
    </ClInclude>
    <ClInclude Include="third_party\glm\ext\quaternion_double_precision.hpp">
      <Filter>third_party</Filter>
    </ClInclude>
    <ClInclude Include="third_party\glm\ext\quaternion_exponential.hpp">
      <Filter>third_party</Filter>
    </ClInclude>
    <ClInclude Include="third_party\glm\ext\quaternion_float.hpp">
      <Filter>third_party</Filter>
    </ClInclude>
    <ClInclude Include="third_party\glm\ext\quaternion_float_precision.hpp">
      <Filter>third_party</Filter>
    </ClInclude>
    <ClInclude Include="third_party\glm\ext\quaternion_geometric.hpp">
      <Filter>third_party</Filter>
    </ClInclude>
    <ClInclude Include="third_party\glm\ext\quaternion_relational.hpp">
      <Filter>third_party</Filter>
    </ClInclude>
    <ClInclude Include="third_party\glm\ext\quaternion_transform.hpp">
      <Filter>third_party</Filter>
    </ClInclude>
    <ClInclude Include="third_party\glm\ext\quaternion_trigonometric.hpp">
      <Filter>third_party</Filter>
    </ClInclude>
    <ClInclude Include="third_party\glm\ext\scalar_common.hpp">
      <Filter>third_party</Filter>
    </ClInclude>
    <ClInclude Include="third_party\glm\ext\scalar_constants.hpp">
      <Filter>third_party</Filter>
    </ClInclude>
    <ClInclude Include="third_party\glm\ext\scalar_int_sized.hpp">
      <Filter>third_party</Filter>
    </ClInclude>
    <ClInclude Include="third_party\glm\ext\scalar_integer.hpp">
      <Filter>third_party</Filter>
    </ClInclude>
    <ClInclude Include="third_party\glm\ext\scalar_packing.hpp">
      <Filter>third_party</Filter>
    </ClInclude>
    <ClInclude Include="third_party\glm\ext\scalar_reciprocal.hpp">
      <Filter>third_party</Filter>
    </ClInclude>
    <ClInclude Include="third_party\glm\ext\scalar_relational.hpp">
      <Filter>third_party</Filter>
    </ClInclude>
    <ClInclude Include="third_party\glm\ext\scalar_uint_sized.hpp">
      <Filter>third_party</Filter>
    </ClInclude>
    <ClInclude Include="third_party\glm\ext\scalar_ulp.hpp">
      <Filter>third_party</Filter>
    </ClInclude>
    <ClInclude Include="third_party\glm\ext\vector_bool1.hpp">
      <Filter>third_party</Filter>
    </ClInclude>
    <ClInclude Include="third_party\glm\ext\vector_bool1_precision.hpp">
      <Filter>third_party</Filter>
    </ClInclude>
    <ClInclude Include="third_party\glm\ext\vector_bool2.hpp">
      <Filter>third_party</Filter>
    </ClInclude>
    <ClInclude Include="third_party\glm\ext\vector_bool2_precision.hpp">
      <Filter>third_party</Filter>
    </ClInclude>
    <ClInclude Include="third_party\glm\ext\vector_bool3.hpp">
      <Filter>third_party</Filter>
    </ClInclude>
    <ClInclude Include="third_party\glm\ext\vector_bool3_precision.hpp">
      <Filter>third_party</Filter>
    </ClInclude>
    <ClInclude Include="third_party\glm\ext\vector_bool4.hpp">
      <Filter>third_party</Filter>
    </ClInclude>
    <ClInclude Include="third_party\glm\ext\vector_bool4_precision.hpp">
      <Filter>third_party</Filter>
    </ClInclude>
    <ClInclude Include="third_party\glm\ext\vector_common.hpp">
      <Filter>third_party</Filter>
    </ClInclude>
    <ClInclude Include="third_party\glm\ext\vector_double1.hpp">
      <Filter>third_party</Filter>
    </ClInclude>
    <ClInclude Include="third_party\glm\ext\vector_double1_precision.hpp">
      <Filter>third_party</Filter>
    </ClInclude>
    <ClInclude Include="third_party\glm\ext\vector_double2.hpp">
      <Filter>third_party</Filter>
    </ClInclude>
    <ClInclude Include="third_party\glm\ext\vector_double2_precision.hpp">
      <Filter>third_party</Filter>
    </ClInclude>
    <ClInclude Include="third_party\glm\ext\vector_double3.hpp">
      <Filter>third_party</Filter>
    </ClInclude>
    <ClInclude Include="third_party\glm\ext\vector_double3_precision.hpp">
      <Filter>third_party</Filter>
    </ClInclude>
    <ClInclude Include="third_party\glm\ext\vector_double4.hpp">
      <Filter>third_party</Filter>
    </ClInclude>
    <ClInclude Include="third_party\glm\ext\vector_double4_precision.hpp">
      <Filter>third_party</Filter>
    </ClInclude>
    <ClInclude Include="third_party\glm\ext\vector_float1.hpp">
      <Filter>third_party</Filter>
    </ClInclude>
    <ClInclude Include="third_party\glm\ext\vector_float1_precision.hpp">
      <Filter>third_party</Filter>
    </ClInclude>
    <ClInclude Include="third_party\glm\ext\vector_float2.hpp">
      <Filter>third_party</Filter>
    </ClInclude>
    <ClInclude Include="third_party\glm\ext\vector_float2_precision.hpp">
      <Filter>third_party</Filter>
    </ClInclude>
    <ClInclude Include="third_party\glm\ext\vector_float3.hpp">
      <Filter>third_party</Filter>
    </ClInclude>
    <ClInclude Include="third_party\glm\ext\vector_float3_precision.hpp">
      <Filter>third_party</Filter>
    </ClInclude>
    <ClInclude Include="third_party\glm\ext\vector_float4.hpp">
      <Filter>third_party</Filter>
    </ClInclude>
    <ClInclude Include="third_party\glm\ext\vector_float4_precision.hpp">
      <Filter>third_party</Filter>
    </ClInclude>
    <ClInclude Include="third_party\glm\ext\vector_int1.hpp">
      <Filter>third_party</Filter>
    </ClInclude>
    <ClInclude Include="third_party\glm\ext\vector_int1_sized.hpp">
      <Filter>third_party</Filter>
    </ClInclude>
    <ClInclude Include="third_party\glm\ext\vector_int2.hpp">
      <Filter>third_party</Filter>
    </ClInclude>
    <ClInclude Include="third_party\glm\ext\vector_int2_sized.hpp">
      <Filter>third_party</Filter>
    </ClInclude>
    <ClInclude Include="third_party\glm\ext\vector_int3.hpp">
      <Filter>third_party</Filter>
    </ClInclude>
    <ClInclude Include="third_party\glm\ext\vector_int3_sized.hpp">
      <Filter>third_party</Filter>
    </ClInclude>
    <ClInclude Include="third_party\glm\ext\vector_int4.hpp">
      <Filter>third_party</Filter>
    </ClInclude>
    <ClInclude Include="third_party\glm\ext\vector_int4_sized.hpp">
      <Filter>third_party</Filter>
    </ClInclude>
    <ClInclude Include="third_party\glm\ext\vector_integer.hpp">
      <Filter>third_party</Filter>
    </ClInclude>
    <ClInclude Include="third_party\glm\ext\vector_packing.hpp">
      <Filter>third_party</Filter>
    </ClInclude>
    <ClInclude Include="third_party\glm\ext\vector_reciprocal.hpp">
      <Filter>third_party</Filter>
    </ClInclude>
    <ClInclude Include="third_party\glm\ext\vector_relational.hpp">
      <Filter>third_party</Filter>
    </ClInclude>
    <ClInclude Include="third_party\glm\ext\vector_uint1.hpp">
      <Filter>third_party</Filter>
    </ClInclude>
    <ClInclude Include="third_party\glm\ext\vector_uint1_sized.hpp">
      <Filter>third_party</Filter>
    </ClInclude>
    <ClInclude Include="third_party\glm\ext\vector_uint2.hpp">
      <Filter>third_party</Filter>
    </ClInclude>
    <ClInclude Include="third_party\glm\ext\vector_uint2_sized.hpp">
      <Filter>third_party</Filter>
    </ClInclude>
    <ClInclude Include="third_party\glm\ext\vector_uint3.hpp">
      <Filter>third_party</Filter>
    </ClInclude>
    <ClInclude Include="third_party\glm\ext\vector_uint3_sized.hpp">
      <Filter>third_party</Filter>
    </ClInclude>
    <ClInclude Include="third_party\glm\ext\vector_uint4.hpp">
      <Filter>third_party</Filter>
    </ClInclude>
    <ClInclude Include="third_party\glm\ext\vector_uint4_sized.hpp">
      <Filter>third_party</Filter>
    </ClInclude>
    <ClInclude Include="third_party\glm\ext\vector_ulp.hpp">
      <Filter>third_party</Filter>
    </ClInclude>
    <ClInclude Include="third_party\glm\gtc\bitfield.hpp">
      <Filter>third_party</Filter>
    </ClInclude>
    <ClInclude Include="third_party\glm\gtc\color_space.hpp">
      <Filter>third_party</Filter>
    </ClInclude>
    <ClInclude Include="third_party\glm\gtc\constants.hpp">
      <Filter>third_party</Filter>
    </ClInclude>
    <ClInclude Include="third_party\glm\gtc\epsilon.hpp">
      <Filter>third_party</Filter>
    </ClInclude>
    <ClInclude Include="third_party\glm\gtc\integer.hpp">
      <Filter>third_party</Filter>
    </ClInclude>
    <ClInclude Include="third_party\glm\gtc\matrix_access.hpp">
      <Filter>third_party</Filter>
    </ClInclude>
    <ClInclude Include="third_party\glm\gtc\matrix_integer.hpp">
      <Filter>third_party</Filter>
    </ClInclude>
    <ClInclude Include="third_party\glm\gtc\matrix_inverse.hpp">
      <Filter>third_party</Filter>
    </ClInclude>
    <ClInclude Include="third_party\glm\gtc\matrix_transform.hpp">
      <Filter>third_party</Filter>
    </ClInclude>
    <ClInclude Include="third_party\glm\gtc\noise.hpp">
      <Filter>third_party</Filter>
    </ClInclude>
    <ClInclude Include="third_party\glm\gtc\packing.hpp">
      <Filter>third_party</Filter>
    </ClInclude>
    <ClInclude Include="third_party\glm\gtc\quaternion.hpp">
      <Filter>third_party</Filter>
    </ClInclude>
    <ClInclude Include="third_party\glm\gtc\random.hpp">
      <Filter>third_party</Filter>
    </ClInclude>
    <ClInclude Include="third_party\glm\gtc\reciprocal.hpp">
      <Filter>third_party</Filter>
    </ClInclude>
    <ClInclude Include="third_party\glm\gtc\round.hpp">
      <Filter>third_party</Filter>
    </ClInclude>
    <ClInclude Include="third_party\glm\gtc\type_aligned.hpp">
      <Filter>third_party</Filter>
    </ClInclude>
    <ClInclude Include="third_party\glm\gtc\type_precision.hpp">
      <Filter>third_party</Filter>
    </ClInclude>
    <ClInclude Include="third_party\glm\gtc\type_ptr.hpp">
      <Filter>third_party</Filter>
    </ClInclude>
    <ClInclude Include="third_party\glm\gtc\ulp.hpp">
      <Filter>third_party</Filter>
    </ClInclude>
    <ClInclude Include="third_party\glm\gtc\vec1.hpp">
      <Filter>third_party</Filter>
    </ClInclude>
    <ClInclude Include="third_party\glm\gtx\associated_min_max.hpp">
      <Filter>third_party</Filter>
    </ClInclude>
    <ClInclude Include="third_party\glm\gtx\bit.hpp">
      <Filter>third_party</Filter>
    </ClInclude>
    <ClInclude Include="third_party\glm\gtx\closest_point.hpp">
      <Filter>third_party</Filter>
    </ClInclude>
    <ClInclude Include="third_party\glm\gtx\color_encoding.hpp">
      <Filter>third_party</Filter>
    </ClInclude>
    <ClInclude Include="third_party\glm\gtx\color_space.hpp">
      <Filter>third_party</Filter>
    </ClInclude>
    <ClInclude Include="third_party\glm\gtx\color_space_YCoCg.hpp">
      <Filter>third_party</Filter>
    </ClInclude>
    <ClInclude Include="third_party\glm\gtx\common.hpp">
      <Filter>third_party</Filter>
    </ClInclude>
    <ClInclude Include="third_party\glm\gtx\compatibility.hpp">
      <Filter>third_party</Filter>
    </ClInclude>
    <ClInclude Include="third_party\glm\gtx\component_wise.hpp">
      <Filter>third_party</Filter>
    </ClInclude>
    <ClInclude Include="third_party\glm\gtx\dual_quaternion.hpp">
      <Filter>third_party</Filter>
    </ClInclude>
    <ClInclude Include="third_party\glm\gtx\easing.hpp">
      <Filter>third_party</Filter>
    </ClInclude>
    <ClInclude Include="third_party\glm\gtx\euler_angles.hpp">
      <Filter>third_party</Filter>
    </ClInclude>
    <ClInclude Include="third_party\glm\gtx\extend.hpp">
      <Filter>third_party</Filter>
    </ClInclude>
    <ClInclude Include="third_party\glm\gtx\extended_min_max.hpp">
      <Filter>third_party</Filter>
    </ClInclude>
    <ClInclude Include="third_party\glm\gtx\exterior_product.hpp">
      <Filter>third_party</Filter>
    </ClInclude>
    <ClInclude Include="third_party\glm\gtx\fast_exponential.hpp">
      <Filter>third_party</Filter>
    </ClInclude>
    <ClInclude Include="third_party\glm\gtx\fast_square_root.hpp">
      <Filter>third_party</Filter>
    </ClInclude>
    <ClInclude Include="third_party\glm\gtx\fast_trigonometry.hpp">
      <Filter>third_party</Filter>
    </ClInclude>
    <ClInclude Include="third_party\glm\gtx\functions.hpp">
      <Filter>third_party</Filter>
    </ClInclude>
    <ClInclude Include="third_party\glm\gtx\gradient_paint.hpp">
      <Filter>third_party</Filter>
    </ClInclude>
    <ClInclude Include="third_party\glm\gtx\handed_coordinate_space.hpp">
      <Filter>third_party</Filter>
    </ClInclude>
    <ClInclude Include="third_party\glm\gtx\hash.hpp">
      <Filter>third_party</Filter>
    </ClInclude>
    <ClInclude Include="third_party\glm\gtx\integer.hpp">
      <Filter>third_party</Filter>
    </ClInclude>
    <ClInclude Include="third_party\glm\gtx\intersect.hpp">
      <Filter>third_party</Filter>
    </ClInclude>
    <ClInclude Include="third_party\glm\gtx\io.hpp">
      <Filter>third_party</Filter>
    </ClInclude>
    <ClInclude Include="third_party\glm\gtx\iteration.hpp">
      <Filter>third_party</Filter>
    </ClInclude>
    <ClInclude Include="third_party\glm\gtx\log_base.hpp">
      <Filter>third_party</Filter>
    </ClInclude>
    <ClInclude Include="third_party\glm\gtx\matrix_cross_product.hpp">
      <Filter>third_party</Filter>
    </ClInclude>
    <ClInclude Include="third_party\glm\gtx\matrix_decompose.hpp">
      <Filter>third_party</Filter>
    </ClInclude>
    <ClInclude Include="third_party\glm\gtx\matrix_factorisation.hpp">
      <Filter>third_party</Filter>
    </ClInclude>
    <ClInclude Include="third_party\glm\gtx\matrix_interpolation.hpp">
      <Filter>third_party</Filter>
    </ClInclude>
    <ClInclude Include="third_party\glm\gtx\matrix_major_storage.hpp">
      <Filter>third_party</Filter>
    </ClInclude>
    <ClInclude Include="third_party\glm\gtx\matrix_operation.hpp">
      <Filter>third_party</Filter>
    </ClInclude>
    <ClInclude Include="third_party\glm\gtx\matrix_query.hpp">
      <Filter>third_party</Filter>
    </ClInclude>
    <ClInclude Include="third_party\glm\gtx\matrix_transform_2d.hpp">
      <Filter>third_party</Filter>
    </ClInclude>
    <ClInclude Include="third_party\glm\gtx\mixed_product.hpp">
      <Filter>third_party</Filter>
    </ClInclude>
    <ClInclude Include="third_party\glm\gtx\norm.hpp">
      <Filter>third_party</Filter>
    </ClInclude>
    <ClInclude Include="third_party\glm\gtx\normal.hpp">
      <Filter>third_party</Filter>
    </ClInclude>
    <ClInclude Include="third_party\glm\gtx\normalize_dot.hpp">
      <Filter>third_party</Filter>
    </ClInclude>
    <ClInclude Include="third_party\glm\gtx\number_precision.hpp">
      <Filter>third_party</Filter>
    </ClInclude>
    <ClInclude Include="third_party\glm\gtx\optimum_pow.hpp">
      <Filter>third_party</Filter>
    </ClInclude>
    <ClInclude Include="third_party\glm\gtx\orthonormalize.hpp">
      <Filter>third_party</Filter>
    </ClInclude>
    <ClInclude Include="third_party\glm\gtx\pca.hpp">
      <Filter>third_party</Filter>
    </ClInclude>
    <ClInclude Include="third_party\glm\gtx\perpendicular.hpp">
      <Filter>third_party</Filter>
    </ClInclude>
    <ClInclude Include="third_party\glm\gtx\polar_coordinates.hpp">
      <Filter>third_party</Filter>
    </ClInclude>
    <ClInclude Include="third_party\glm\gtx\projection.hpp">
      <Filter>third_party</Filter>
    </ClInclude>
    <ClInclude Include="third_party\glm\gtx\quaternion.hpp">
      <Filter>third_party</Filter>
    </ClInclude>
    <ClInclude Include="third_party\glm\gtx\range.hpp">
      <Filter>third_party</Filter>
    </ClInclude>
    <ClInclude Include="third_party\glm\gtx\raw_data.hpp">
      <Filter>third_party</Filter>
    </ClInclude>
    <ClInclude Include="third_party\glm\gtx\rotate_normalized_axis.hpp">
      <Filter>third_party</Filter>
    </ClInclude>
    <ClInclude Include="third_party\glm\gtx\rotate_vector.hpp">
      <Filter>third_party</Filter>
    </ClInclude>
    <ClInclude Include="third_party\glm\gtx\scalar_multiplication.hpp">
      <Filter>third_party</Filter>
    </ClInclude>
    <ClInclude Include="third_party\glm\gtx\scalar_relational.hpp">
      <Filter>third_party</Filter>
    </ClInclude>
    <ClInclude Include="third_party\glm\gtx\spline.hpp">
      <Filter>third_party</Filter>
    </ClInclude>
    <ClInclude Include="third_party\glm\gtx\std_based_type.hpp">
      <Filter>third_party</Filter>
    </ClInclude>
    <ClInclude Include="third_party\glm\gtx\string_cast.hpp">
      <Filter>third_party</Filter>
    </ClInclude>
    <ClInclude Include="third_party\glm\gtx\structured_bindings.hpp">
      <Filter>third_party</Filter>
    </ClInclude>
    <ClInclude Include="third_party\glm\gtx\texture.hpp">
      <Filter>third_party</Filter>
    </ClInclude>
    <ClInclude Include="third_party\glm\gtx\transform.hpp">
      <Filter>third_party</Filter>
    </ClInclude>
    <ClInclude Include="third_party\glm\gtx\transform2.hpp">
      <Filter>third_party</Filter>
    </ClInclude>
    <ClInclude Include="third_party\glm\gtx\type_aligned.hpp">
      <Filter>third_party</Filter>
    </ClInclude>
    <ClInclude Include="third_party\glm\gtx\type_trait.hpp">
      <Filter>third_party</Filter>
    </ClInclude>
    <ClInclude Include="third_party\glm\gtx\vec_swizzle.hpp">
      <Filter>third_party</Filter>
    </ClInclude>
    <ClInclude Include="third_party\glm\gtx\vector_angle.hpp">
      <Filter>third_party</Filter>
    </ClInclude>
    <ClInclude Include="third_party\glm\gtx\vector_query.hpp">
      <Filter>third_party</Filter>
    </ClInclude>
    <ClInclude Include="third_party\glm\gtx\wrap.hpp">
      <Filter>third_party</Filter>
    </ClInclude>
    <ClInclude Include="third_party\glm\simd\common.h">
      <Filter>third_party</Filter>
    </ClInclude>
    <ClInclude Include="third_party\glm\simd\exponential.h">
      <Filter>third_party</Filter>
    </ClInclude>
    <ClInclude Include="third_party\glm\simd\geometric.h">
      <Filter>third_party</Filter>
    </ClInclude>
    <ClInclude Include="third_party\glm\simd\integer.h">
      <Filter>third_party</Filter>
    </ClInclude>
    <ClInclude Include="third_party\glm\simd\matrix.h">
      <Filter>third_party</Filter>
    </ClInclude>
    <ClInclude Include="third_party\glm\simd\neon.h">
      <Filter>third_party</Filter>
    </ClInclude>
    <ClInclude Include="third_party\glm\simd\packing.h">
      <Filter>third_party</Filter>
    </ClInclude>
    <ClInclude Include="third_party\glm\simd\platform.h">
      <Filter>third_party</Filter>
    </ClInclude>
    <ClInclude Include="third_party\glm\simd\trigonometric.h">
      <Filter>third_party</Filter>
    </ClInclude>
    <ClInclude Include="third_party\glm\simd\vector_relational.h">
      <Filter>third_party</Filter>
    </ClInclude>
    <ClInclude Include="include\Render\Camera.h">
      <Filter>ヘッダー ファイル</Filter>
    </ClInclude>
    <ClInclude Include="include\Render\Texture.h">
      <Filter>ヘッダー ファイル</Filter>
    </ClInclude>
    <ClInclude Include="include\Core\ChunkJob.h">
      <Filter>ヘッダー ファイル</Filter>
    </ClInclude>
    <ClInclude Include="include\World\ChunkPipeline.h">
      <Filter>ヘッダー ファイル</Filter>
    </ClInclude>
    <ClInclude Include="include\World\ChunkKey.h">
      <Filter>ヘッダー ファイル</Filter>
    </ClInclude>
    <ClInclude Include="include\World\ChunkMeshSnapshot.h">
      <Filter>ヘッダー ファイル</Filter>
    </ClInclude>
    <ClInclude Include="include\World\ChunkResult.h">
      <Filter>ヘッダー ファイル</Filter>
    </ClInclude>
    <ClInclude Include="include\World\PendingMesh.h">
      <Filter>ヘッダー ファイル</Filter>
    </ClInclude>
    <ClInclude Include="include\World\RaycastHit.h">
      <Filter>ヘッダー ファイル</Filter>
    </ClInclude>
  </ItemGroup>
  <ItemGroup>
    <ClCompile Include="third_party\glad.c">
      <Filter>third_party</Filter>
    </ClCompile>
    <ClCompile Include="src\Core\main.cpp">
      <Filter>ソース ファイル</Filter>
    </ClCompile>
    <ClCompile Include="src\Core\Application.cpp">
      <Filter>ソース ファイル</Filter>
    </ClCompile>
    <ClCompile Include="src\Render\Shader.cpp">
      <Filter>ソース ファイル</Filter>
    </ClCompile>
    <ClCompile Include="src\World\Chunk.cpp">
      <Filter>ソース ファイル</Filter>
    </ClCompile>
    <ClCompile Include="src\World\World.cpp">
      <Filter>ソース ファイル</Filter>
    </ClCompile>
    <ClCompile Include="src\Render\MeshBuilder.cpp">
      <Filter>ソース ファイル</Filter>
    </ClCompile>
    <ClCompile Include="src\Render\WorldRenderer.cpp">
      <Filter>ソース ファイル</Filter>
    </ClCompile>
    <ClCompile Include="src\World\TerrainGenerator.cpp">
      <Filter>ソース ファイル</Filter>
    </ClCompile>
    <ClCompile Include="third_party\glm\glm.cppm">
      <Filter>third_party</Filter>
    </ClCompile>
    <ClCompile Include="third_party\glm\detail\glm.cpp">
      <Filter>third_party</Filter>
    </ClCompile>
    <ClCompile Include="src\Render\Texture.cpp">
      <Filter>ソース ファイル</Filter>
    </ClCompile>
    <ClCompile Include="src\World\ChunkPipeline.cpp">
      <Filter>ソース ファイル</Filter>
    </ClCompile>
  </ItemGroup>
  <ItemGroup>
    <Library Include="lib\glfw3.lib">
      <Filter>lib</Filter>
    </Library>
  </ItemGroup>
  <ItemGroup>
    <None Include="assets\Shaders\basic.frag">
      <Filter>shaders</Filter>
    </None>
    <None Include="assets\Shaders\basic.vert">
      <Filter>shaders</Filter>
    </None>
    <None Include="third_party\glm\detail\func_common.inl">
      <Filter>third_party</Filter>
    </None>
    <None Include="third_party\glm\detail\func_common_simd.inl">
      <Filter>third_party</Filter>
    </None>
    <None Include="third_party\glm\detail\func_exponential.inl">
      <Filter>third_party</Filter>
    </None>
    <None Include="third_party\glm\detail\func_exponential_simd.inl">
      <Filter>third_party</Filter>
    </None>
    <None Include="third_party\glm\detail\func_geometric.inl">
      <Filter>third_party</Filter>
    </None>
    <None Include="third_party\glm\detail\func_geometric_simd.inl">
      <Filter>third_party</Filter>
    </None>
    <None Include="third_party\glm\detail\func_integer.inl">
      <Filter>third_party</Filter>
    </None>
    <None Include="third_party\glm\detail\func_integer_simd.inl">
      <Filter>third_party</Filter>
    </None>
    <None Include="third_party\glm\detail\func_matrix.inl">
      <Filter>third_party</Filter>
    </None>
    <None Include="third_party\glm\detail\func_matrix_simd.inl">
      <Filter>third_party</Filter>
    </None>
    <None Include="third_party\glm\detail\func_packing.inl">
      <Filter>third_party</Filter>
    </None>
    <None Include="third_party\glm\detail\func_packing_simd.inl">
      <Filter>third_party</Filter>
    </None>
    <None Include="third_party\glm\detail\func_trigonometric.inl">
      <Filter>third_party</Filter>
    </None>
    <None Include="third_party\glm\detail\func_trigonometric_simd.inl">
      <Filter>third_party</Filter>
    </None>
    <None Include="third_party\glm\detail\func_vector_relational.inl">
      <Filter>third_party</Filter>
    </None>
    <None Include="third_party\glm\detail\func_vector_relational_simd.inl">
      <Filter>third_party</Filter>
    </None>
    <None Include="third_party\glm\detail\type_half.inl">
      <Filter>third_party</Filter>
    </None>
    <None Include="third_party\glm\detail\type_mat2x2.inl">
      <Filter>third_party</Filter>
    </None>
    <None Include="third_party\glm\detail\type_mat2x3.inl">
      <Filter>third_party</Filter>
    </None>
    <None Include="third_party\glm\detail\type_mat2x4.inl">
      <Filter>third_party</Filter>
    </None>
    <None Include="third_party\glm\detail\type_mat3x2.inl">
      <Filter>third_party</Filter>
    </None>
    <None Include="third_party\glm\detail\type_mat3x3.inl">
      <Filter>third_party</Filter>
    </None>
    <None Include="third_party\glm\detail\type_mat3x4.inl">
      <Filter>third_party</Filter>
    </None>
    <None Include="third_party\glm\detail\type_mat4x2.inl">
      <Filter>third_party</Filter>
    </None>
    <None Include="third_party\glm\detail\type_mat4x3.inl">
      <Filter>third_party</Filter>
    </None>
    <None Include="third_party\glm\detail\type_mat4x4.inl">
      <Filter>third_party</Filter>
    </None>
    <None Include="third_party\glm\detail\type_mat4x4_simd.inl">
      <Filter>third_party</Filter>
    </None>
    <None Include="third_party\glm\detail\type_quat.inl">
      <Filter>third_party</Filter>
    </None>
    <None Include="third_party\glm\detail\type_quat_simd.inl">
      <Filter>third_party</Filter>
    </None>
    <None Include="third_party\glm\detail\type_vec_simd.inl">
      <Filter>third_party</Filter>
    </None>
    <None Include="third_party\glm\detail\type_vec1.inl">
      <Filter>third_party</Filter>
    </None>
    <None Include="third_party\glm\detail\type_vec2.inl">
      <Filter>third_party</Filter>
    </None>
    <None Include="third_party\glm\detail\type_vec3.inl">
      <Filter>third_party</Filter>
    </None>
    <None Include="third_party\glm\detail\type_vec4.inl">
      <Filter>third_party</Filter>
    </None>
    <None Include="third_party\glm\ext\matrix_clip_space.inl">
      <Filter>third_party</Filter>
    </None>
    <None Include="third_party\glm\ext\matrix_common.inl">
      <Filter>third_party</Filter>
    </None>
    <None Include="third_party\glm\ext\matrix_integer.inl">
      <Filter>third_party</Filter>
    </None>
    <None Include="third_party\glm\ext\matrix_projection.inl">
      <Filter>third_party</Filter>
    </None>
    <None Include="third_party\glm\ext\matrix_relational.inl">
      <Filter>third_party</Filter>
    </None>
    <None Include="third_party\glm\ext\matrix_transform.inl">
      <Filter>third_party</Filter>
    </None>
    <None Include="third_party\glm\ext\quaternion_common.inl">
      <Filter>third_party</Filter>
    </None>
    <None Include="third_party\glm\ext\quaternion_common_simd.inl">
      <Filter>third_party</Filter>
    </None>
    <None Include="third_party\glm\ext\quaternion_exponential.inl">
      <Filter>third_party</Filter>
    </None>
    <None Include="third_party\glm\ext\quaternion_geometric.inl">
      <Filter>third_party</Filter>
    </None>
    <None Include="third_party\glm\ext\quaternion_relational.inl">
      <Filter>third_party</Filter>
    </None>
    <None Include="third_party\glm\ext\quaternion_transform.inl">
      <Filter>third_party</Filter>
    </None>
    <None Include="third_party\glm\ext\quaternion_trigonometric.inl">
      <Filter>third_party</Filter>
    </None>
    <None Include="third_party\glm\ext\scalar_common.inl">
      <Filter>third_party</Filter>
    </None>
    <None Include="third_party\glm\ext\scalar_constants.inl">
      <Filter>third_party</Filter>
    </None>
    <None Include="third_party\glm\ext\scalar_integer.inl">
      <Filter>third_party</Filter>
    </None>
    <None Include="third_party\glm\ext\scalar_packing.inl">
      <Filter>third_party</Filter>
    </None>
    <None Include="third_party\glm\ext\scalar_reciprocal.inl">
      <Filter>third_party</Filter>
    </None>
    <None Include="third_party\glm\ext\scalar_relational.inl">
      <Filter>third_party</Filter>
    </None>
    <None Include="third_party\glm\ext\scalar_ulp.inl">
      <Filter>third_party</Filter>
    </None>
    <None Include="third_party\glm\ext\vector_common.inl">
      <Filter>third_party</Filter>
    </None>
    <None Include="third_party\glm\ext\vector_integer.inl">
      <Filter>third_party</Filter>
    </None>
    <None Include="third_party\glm\ext\vector_packing.inl">
      <Filter>third_party</Filter>
    </None>
    <None Include="third_party\glm\ext\vector_reciprocal.inl">
      <Filter>third_party</Filter>
    </None>
    <None Include="third_party\glm\ext\vector_relational.inl">
      <Filter>third_party</Filter>
    </None>
    <None Include="third_party\glm\ext\vector_ulp.inl">
      <Filter>third_party</Filter>
    </None>
    <None Include="third_party\glm\gtc\bitfield.inl">
      <Filter>third_party</Filter>
    </None>
    <None Include="third_party\glm\gtc\color_space.inl">
      <Filter>third_party</Filter>
    </None>
    <None Include="third_party\glm\gtc\constants.inl">
      <Filter>third_party</Filter>
    </None>
    <None Include="third_party\glm\gtc\epsilon.inl">
      <Filter>third_party</Filter>
    </None>
    <None Include="third_party\glm\gtc\integer.inl">
      <Filter>third_party</Filter>
    </None>
    <None Include="third_party\glm\gtc\matrix_access.inl">
      <Filter>third_party</Filter>
    </None>
    <None Include="third_party\glm\gtc\matrix_inverse.inl">
      <Filter>third_party</Filter>
    </None>
    <None Include="third_party\glm\gtc\matrix_transform.inl">
      <Filter>third_party</Filter>
    </None>
    <None Include="third_party\glm\gtc\noise.inl">
      <Filter>third_party</Filter>
    </None>
    <None Include="third_party\glm\gtc\packing.inl">
      <Filter>third_party</Filter>
    </None>
    <None Include="third_party\glm\gtc\quaternion.inl">
      <Filter>third_party</Filter>
    </None>
    <None Include="third_party\glm\gtc\quaternion_simd.inl">
      <Filter>third_party</Filter>
    </None>
    <None Include="third_party\glm\gtc\random.inl">
      <Filter>third_party</Filter>
    </None>
    <None Include="third_party\glm\gtc\round.inl">
      <Filter>third_party</Filter>
    </None>
    <None Include="third_party\glm\gtc\type_precision.inl">
      <Filter>third_party</Filter>
    </None>
    <None Include="third_party\glm\gtc\type_ptr.inl">
      <Filter>third_party</Filter>
    </None>
    <None Include="third_party\glm\gtc\ulp.inl">
      <Filter>third_party</Filter>
    </None>
    <None Include="third_party\glm\gtx\associated_min_max.inl">
      <Filter>third_party</Filter>
    </None>
    <None Include="third_party\glm\gtx\bit.inl">
      <Filter>third_party</Filter>
    </None>
    <None Include="third_party\glm\gtx\closest_point.inl">
      <Filter>third_party</Filter>
    </None>
    <None Include="third_party\glm\gtx\color_encoding.inl">
      <Filter>third_party</Filter>
    </None>
    <None Include="third_party\glm\gtx\color_space.inl">
      <Filter>third_party</Filter>
    </None>
    <None Include="third_party\glm\gtx\color_space_YCoCg.inl">
      <Filter>third_party</Filter>
    </None>
    <None Include="third_party\glm\gtx\common.inl">
      <Filter>third_party</Filter>
    </None>
    <None Include="third_party\glm\gtx\compatibility.inl">
      <Filter>third_party</Filter>
    </None>
    <None Include="third_party\glm\gtx\component_wise.inl">
      <Filter>third_party</Filter>
    </None>
    <None Include="third_party\glm\gtx\dual_quaternion.inl">
      <Filter>third_party</Filter>
    </None>
    <None Include="third_party\glm\gtx\easing.inl">
      <Filter>third_party</Filter>
    </None>
    <None Include="third_party\glm\gtx\euler_angles.inl">
      <Filter>third_party</Filter>
    </None>
    <None Include="third_party\glm\gtx\extend.inl">
      <Filter>third_party</Filter>
    </None>
    <None Include="third_party\glm\gtx\extended_min_max.inl">
      <Filter>third_party</Filter>
    </None>
    <None Include="third_party\glm\gtx\exterior_product.inl">
      <Filter>third_party</Filter>
    </None>
    <None Include="third_party\glm\gtx\fast_exponential.inl">
      <Filter>third_party</Filter>
    </None>
    <None Include="third_party\glm\gtx\fast_square_root.inl">
      <Filter>third_party</Filter>
    </None>
    <None Include="third_party\glm\gtx\fast_trigonometry.inl">
      <Filter>third_party</Filter>
    </None>
    <None Include="third_party\glm\gtx\float_normalize.inl">
      <Filter>third_party</Filter>
    </None>
    <None Include="third_party\glm\gtx\functions.inl">
      <Filter>third_party</Filter>
    </None>
    <None Include="third_party\glm\gtx\gradient_paint.inl">
      <Filter>third_party</Filter>
    </None>
    <None Include="third_party\glm\gtx\handed_coordinate_space.inl">
      <Filter>third_party</Filter>
    </None>
    <None Include="third_party\glm\gtx\hash.inl">
      <Filter>third_party</Filter>
    </None>
    <None Include="third_party\glm\gtx\integer.inl">
      <Filter>third_party</Filter>
    </None>
    <None Include="third_party\glm\gtx\intersect.inl">
      <Filter>third_party</Filter>
    </None>
    <None Include="third_party\glm\gtx\io.inl">
      <Filter>third_party</Filter>
    </None>
    <None Include="third_party\glm\gtx\iteration.inl">
      <Filter>third_party</Filter>
    </None>
    <None Include="third_party\glm\gtx\log_base.inl">
      <Filter>third_party</Filter>
    </None>
    <None Include="third_party\glm\gtx\matrix_cross_product.inl">
      <Filter>third_party</Filter>
    </None>
    <None Include="third_party\glm\gtx\matrix_decompose.inl">
      <Filter>third_party</Filter>
    </None>
    <None Include="third_party\glm\gtx\matrix_factorisation.inl">
      <Filter>third_party</Filter>
    </None>
    <None Include="third_party\glm\gtx\matrix_interpolation.inl">
      <Filter>third_party</Filter>
    </None>
    <None Include="third_party\glm\gtx\matrix_major_storage.inl">
      <Filter>third_party</Filter>
    </None>
    <None Include="third_party\glm\gtx\matrix_operation.inl">
      <Filter>third_party</Filter>
    </None>
    <None Include="third_party\glm\gtx\matrix_query.inl">
      <Filter>third_party</Filter>
    </None>
    <None Include="third_party\glm\gtx\matrix_transform_2d.inl">
      <Filter>third_party</Filter>
    </None>
    <None Include="third_party\glm\gtx\mixed_product.inl">
      <Filter>third_party</Filter>
    </None>
    <None Include="third_party\glm\gtx\norm.inl">
      <Filter>third_party</Filter>
    </None>
    <None Include="third_party\glm\gtx\normal.inl">
      <Filter>third_party</Filter>
    </None>
    <None Include="third_party\glm\gtx\normalize_dot.inl">
      <Filter>third_party</Filter>
    </None>
    <None Include="third_party\glm\gtx\optimum_pow.inl">
      <Filter>third_party</Filter>
    </None>
    <None Include="third_party\glm\gtx\orthonormalize.inl">
      <Filter>third_party</Filter>
    </None>
    <None Include="third_party\glm\gtx\pca.inl">
      <Filter>third_party</Filter>
    </None>
    <None Include="third_party\glm\gtx\perpendicular.inl">
      <Filter>third_party</Filter>
    </None>
    <None Include="third_party\glm\gtx\polar_coordinates.inl">
      <Filter>third_party</Filter>
    </None>
    <None Include="third_party\glm\gtx\projection.inl">
      <Filter>third_party</Filter>
    </None>
    <None Include="third_party\glm\gtx\quaternion.inl">
      <Filter>third_party</Filter>
    </None>
    <None Include="third_party\glm\gtx\raw_data.inl">
      <Filter>third_party</Filter>
    </None>
    <None Include="third_party\glm\gtx\rotate_normalized_axis.inl">
      <Filter>third_party</Filter>
    </None>
    <None Include="third_party\glm\gtx\rotate_vector.inl">
      <Filter>third_party</Filter>
    </None>
    <None Include="third_party\glm\gtx\scalar_relational.inl">
      <Filter>third_party</Filter>
    </None>
    <None Include="third_party\glm\gtx\spline.inl">
      <Filter>third_party</Filter>
    </None>
    <None Include="third_party\glm\gtx\std_based_type.inl">
      <Filter>third_party</Filter>
    </None>
    <None Include="third_party\glm\gtx\string_cast.inl">
      <Filter>third_party</Filter>
    </None>
    <None Include="third_party\glm\gtx\structured_bindings.inl">
      <Filter>third_party</Filter>
    </None>
    <None Include="third_party\glm\gtx\texture.inl">
      <Filter>third_party</Filter>
    </None>
    <None Include="third_party\glm\gtx\transform.inl">
      <Filter>third_party</Filter>
    </None>
    <None Include="third_party\glm\gtx\transform2.inl">
      <Filter>third_party</Filter>
    </None>
    <None Include="third_party\glm\gtx\type_aligned.inl">
      <Filter>third_party</Filter>
    </None>
    <None Include="third_party\glm\gtx\type_trait.inl">
      <Filter>third_party</Filter>
    </None>
    <None Include="third_party\glm\gtx\vector_angle.inl">
      <Filter>third_party</Filter>
    </None>
    <None Include="third_party\glm\gtx\vector_query.inl">
      <Filter>third_party</Filter>
    </None>
    <None Include="third_party\glm\gtx\wrap.inl">
      <Filter>third_party</Filter>
    </None>
  </ItemGroup>
</Project>